
Microsoft Visual Studio Solution File, Format Version 12.00
# Visual Studio Version 17
VisualStudioVersion = 17.1.32414.318
MinimumVisualStudioVersion = 10.0.40219.1
Project("{9A19103F-16F7-4668-BE54-9A1E7A4F7556}") = "WallHavenGetter", "WallHavenGetter\WallHavenGetter.csproj", "{00CBBE05-16E2-44C1-8716-116691CC7245}"
EndProject
Global
	GlobalSection(SolutionConfigurationPlatforms) = preSolution
		Debug|Any CPU = Debug|Any CPU
		Release|Any CPU = Release|Any CPU
	EndGlobalSection
	GlobalSection(ProjectConfigurationPlatforms) = postSolution
		{00CBBE05-16E2-44C1-8716-116691CC7245}.Debug|Any CPU.ActiveCfg = Debug|Any CPU
		{00CBBE05-16E2-44C1-8716-116691CC7245}.Debug|Any CPU.Build.0 = Debug|Any CPU
		{00CBBE05-16E2-44C1-8716-116691CC7245}.Release|Any CPU.ActiveCfg = Release|Any CPU
		{00CBBE05-16E2-44C1-8716-116691CC7245}.Release|Any CPU.Build.0 = Release|Any CPU
	EndGlobalSection
	GlobalSection(SolutionProperties) = preSolution
		HideSolutionNode = FALSE
	EndGlobalSection
	GlobalSection(ExtensibilityGlobals) = postSolution
		SolutionGuid = {7C19F641-C420-4BC6-9F45-C6613752450C}
	EndGlobalSection
EndGlobal
